
Microsoft Visual Studio Solution File, Format Version 12.00
# Visual Studio 14
VisualStudioVersion = 14.0.25123.0
MinimumVisualStudioVersion = 10.0.40219.1
Project("{FAE04EC0-301F-11D3-BF4B-00C04F79EFBC}") = "01. Square Area", "01. Square Area\01. Square Area.csproj", "{BBA3EB4E-5D1D-4DB2-BF1F-6C30152F60DE}"
EndProject
Project("{FAE04EC0-301F-11D3-BF4B-00C04F79EFBC}") = "02. Inches to Centimeters", "02. Inches to Centimeters\02. Inches to Centimeters.csproj", "{F85DAC2F-DA13-43FA-8C85-C496E55B0940}"
EndProject
Project("{FAE04EC0-301F-11D3-BF4B-00C04F79EFBC}") = "03. Greeting by Name", "03. Greeting by Name\03. Greeting by Name.csproj", "{E06E503A-A5DD-41EF-9F77-EB1B07412EAC}"
EndProject
Project("{FAE04EC0-301F-11D3-BF4B-00C04F79EFBC}") = "04. Concatenate Data", "04. Concatenate Data\04. Concatenate Data.csproj", "{220C2578-5E82-4D79-894F-677AACF38447}"
EndProject
Project("{FAE04EC0-301F-11D3-BF4B-00C04F79EFBC}") = "05. Trapeziod Area", "05. Trapeziod Area\05. Trapeziod Area.csproj", "{D33B0E21-9C5A-4577-9475-D0BC00C48A03}"
EndProject
Project("{FAE04EC0-301F-11D3-BF4B-00C04F79EFBC}") = "06. Circle Area and Perimeter", "06. Circle Area and Perimeter\06. Circle Area and Perimeter.csproj", "{DA4A78F0-9645-4FC8-B82F-A73811BCBA2A}"
EndProject
Project("{FAE04EC0-301F-11D3-BF4B-00C04F79EFBC}") = "07. 2D Rectangle Area", "07. 2D Rectangle Area\07. 2D Rectangle Area.csproj", "{997B3E15-302B-4D7F-A8AB-A8C6D798E750}"
EndProject
Project("{FAE04EC0-301F-11D3-BF4B-00C04F79EFBC}") = "08. Triangle Area", "08. Triangle Area\08. Triangle Area.csproj", "{74CD9208-A581-4FFB-B172-3BFF610289C6}"
EndProject
Project("{FAE04EC0-301F-11D3-BF4B-00C04F79EFBC}") = "09. Celsius to Fahrenheit", "09. Celsius to Fahrenheit\09. Celsius to Fahrenheit.csproj", "{A364D6C1-5E80-4A15-8E8A-1CB663BA1A3E}"
EndProject
Project("{FAE04EC0-301F-11D3-BF4B-00C04F79EFBC}") = "10. Radians to Degrees", "10. Radians to Degrees\10. Radians to Degrees.csproj", "{5586BF24-8A63-49EC-BCC7-CF7B52FEB6F8}"
EndProject
Project("{FAE04EC0-301F-11D3-BF4B-00C04F79EFBC}") = "11. USD to BGN", "11. USD to BGN\11. USD to BGN.csproj", "{E4BF9E3C-C5DD-4C49-AF0E-A17A072AF964}"
EndProject
Project("{FAE04EC0-301F-11D3-BF4B-00C04F79EFBC}") = "13. 1000 Days After Birth", "12. Currency Converter\13. 1000 Days After Birth.csproj", "{DEE089CE-4096-4502-B2DD-DF26F007DEE5}"
EndProject
Global
	GlobalSection(SolutionConfigurationPlatforms) = preSolution
		Debug|Any CPU = Debug|Any CPU
		Release|Any CPU = Release|Any CPU
	EndGlobalSection
	GlobalSection(ProjectConfigurationPlatforms) = postSolution
		{BBA3EB4E-5D1D-4DB2-BF1F-6C30152F60DE}.Debug|Any CPU.ActiveCfg = Debug|Any CPU
		{BBA3EB4E-5D1D-4DB2-BF1F-6C30152F60DE}.Debug|Any CPU.Build.0 = Debug|Any CPU
		{BBA3EB4E-5D1D-4DB2-BF1F-6C30152F60DE}.Release|Any CPU.ActiveCfg = Release|Any CPU
		{BBA3EB4E-5D1D-4DB2-BF1F-6C30152F60DE}.Release|Any CPU.Build.0 = Release|Any CPU
		{F85DAC2F-DA13-43FA-8C85-C496E55B0940}.Debug|Any CPU.ActiveCfg = Debug|Any CPU
		{F85DAC2F-DA13-43FA-8C85-C496E55B0940}.Debug|Any CPU.Build.0 = Debug|Any CPU
		{F85DAC2F-DA13-43FA-8C85-C496E55B0940}.Release|Any CPU.ActiveCfg = Release|Any CPU
		{F85DAC2F-DA13-43FA-8C85-C496E55B0940}.Release|Any CPU.Build.0 = Release|Any CPU
		{E06E503A-A5DD-41EF-9F77-EB1B07412EAC}.Debug|Any CPU.ActiveCfg = Debug|Any CPU
		{E06E503A-A5DD-41EF-9F77-EB1B07412EAC}.Debug|Any CPU.Build.0 = Debug|Any CPU
		{E06E503A-A5DD-41EF-9F77-EB1B07412EAC}.Release|Any CPU.ActiveCfg = Release|Any CPU
		{E06E503A-A5DD-41EF-9F77-EB1B07412EAC}.Release|Any CPU.Build.0 = Release|Any CPU
		{220C2578-5E82-4D79-894F-677AACF38447}.Debug|Any CPU.ActiveCfg = Debug|Any CPU
		{220C2578-5E82-4D79-894F-677AACF38447}.Debug|Any CPU.Build.0 = Debug|Any CPU
		{220C2578-5E82-4D79-894F-677AACF38447}.Release|Any CPU.ActiveCfg = Release|Any CPU
		{220C2578-5E82-4D79-894F-677AACF38447}.Release|Any CPU.Build.0 = Release|Any CPU
		{D33B0E21-9C5A-4577-9475-D0BC00C48A03}.Debug|Any CPU.ActiveCfg = Debug|Any CPU
		{D33B0E21-9C5A-4577-9475-D0BC00C48A03}.Debug|Any CPU.Build.0 = Debug|Any CPU
		{D33B0E21-9C5A-4577-9475-D0BC00C48A03}.Release|Any CPU.ActiveCfg = Release|Any CPU
		{D33B0E21-9C5A-4577-9475-D0BC00C48A03}.Release|Any CPU.Build.0 = Release|Any CPU
		{DA4A78F0-9645-4FC8-B82F-A73811BCBA2A}.Debug|Any CPU.ActiveCfg = Debug|Any CPU
		{DA4A78F0-9645-4FC8-B82F-A73811BCBA2A}.Debug|Any CPU.Build.0 = Debug|Any CPU
		{DA4A78F0-9645-4FC8-B82F-A73811BCBA2A}.Release|Any CPU.ActiveCfg = Release|Any CPU
		{DA4A78F0-9645-4FC8-B82F-A73811BCBA2A}.Release|Any CPU.Build.0 = Release|Any CPU
		{997B3E15-302B-4D7F-A8AB-A8C6D798E750}.Debug|Any CPU.ActiveCfg = Debug|Any CPU
		{997B3E15-302B-4D7F-A8AB-A8C6D798E750}.Debug|Any CPU.Build.0 = Debug|Any CPU
		{997B3E15-302B-4D7F-A8AB-A8C6D798E750}.Release|Any CPU.ActiveCfg = Release|Any CPU
		{997B3E15-302B-4D7F-A8AB-A8C6D798E750}.Release|Any CPU.Build.0 = Release|Any CPU
		{74CD9208-A581-4FFB-B172-3BFF610289C6}.Debug|Any CPU.ActiveCfg = Debug|Any CPU
		{74CD9208-A581-4FFB-B172-3BFF610289C6}.Debug|Any CPU.Build.0 = Debug|Any CPU
		{74CD9208-A581-4FFB-B172-3BFF610289C6}.Release|Any CPU.ActiveCfg = Release|Any CPU
		{74CD9208-A581-4FFB-B172-3BFF610289C6}.Release|Any CPU.Build.0 = Release|Any CPU
		{A364D6C1-5E80-4A15-8E8A-1CB663BA1A3E}.Debug|Any CPU.ActiveCfg = Debug|Any CPU
		{A364D6C1-5E80-4A15-8E8A-1CB663BA1A3E}.Debug|Any CPU.Build.0 = Debug|Any CPU
		{A364D6C1-5E80-4A15-8E8A-1CB663BA1A3E}.Release|Any CPU.ActiveCfg = Release|Any CPU
		{A364D6C1-5E80-4A15-8E8A-1CB663BA1A3E}.Release|Any CPU.Build.0 = Release|Any CPU
		{5586BF24-8A63-49EC-BCC7-CF7B52FEB6F8}.Debug|Any CPU.ActiveCfg = Debug|Any CPU
		{5586BF24-8A63-49EC-BCC7-CF7B52FEB6F8}.Debug|Any CPU.Build.0 = Debug|Any CPU
		{5586BF24-8A63-49EC-BCC7-CF7B52FEB6F8}.Release|Any CPU.ActiveCfg = Release|Any CPU
		{5586BF24-8A63-49EC-BCC7-CF7B52FEB6F8}.Release|Any CPU.Build.0 = Release|Any CPU
		{E4BF9E3C-C5DD-4C49-AF0E-A17A072AF964}.Debug|Any CPU.ActiveCfg = Debug|Any CPU
		{E4BF9E3C-C5DD-4C49-AF0E-A17A072AF964}.Debug|Any CPU.Build.0 = Debug|Any CPU
		{E4BF9E3C-C5DD-4C49-AF0E-A17A072AF964}.Release|Any CPU.ActiveCfg = Release|Any CPU
		{E4BF9E3C-C5DD-4C49-AF0E-A17A072AF964}.Release|Any CPU.Build.0 = Release|Any CPU
		{DEE089CE-4096-4502-B2DD-DF26F007DEE5}.Debug|Any CPU.ActiveCfg = Debug|Any CPU
		{DEE089CE-4096-4502-B2DD-DF26F007DEE5}.Debug|Any CPU.Build.0 = Debug|Any CPU
		{DEE089CE-4096-4502-B2DD-DF26F007DEE5}.Release|Any CPU.ActiveCfg = Release|Any CPU
		{DEE089CE-4096-4502-B2DD-DF26F007DEE5}.Release|Any CPU.Build.0 = Release|Any CPU
	EndGlobalSection
	GlobalSection(SolutionProperties) = preSolution
		HideSolutionNode = FALSE
	EndGlobalSection
EndGlobal
