
Microsoft Visual Studio Solution File, Format Version 12.00
# Visual Studio 14
VisualStudioVersion = 14.0.25123.0
MinimumVisualStudioVersion = 10.0.40219.1
Project("{FAE04EC0-301F-11D3-BF4B-00C04F79EFBC}") = "01. Excellent Result", "01. Excellent Result\01. Excellent Result.csproj", "{4ED257D9-E7C7-4C02-A0A6-C749C5CC6A57}"
EndProject
Project("{FAE04EC0-301F-11D3-BF4B-00C04F79EFBC}") = "02. Excellent or Not", "02. Excellent or Not\02. Excellent or Not.csproj", "{0B0AF15B-43EF-4F72-AAD5-B798AFB55A29}"
EndProject
Project("{FAE04EC0-301F-11D3-BF4B-00C04F79EFBC}") = "03. Even or Odd", "03. Even or Odd\03. Even or Odd.csproj", "{7140F917-B9A2-4DFB-90E5-45E76108900F}"
EndProject
Project("{FAE04EC0-301F-11D3-BF4B-00C04F79EFBC}") = "04. Greater Number", "04. Greater Number\04. Greater Number.csproj", "{BD198670-64F2-4375-932D-BB9759154D70}"
EndProject
Project("{FAE04EC0-301F-11D3-BF4B-00C04F79EFBC}") = "05. Number 0...9 to Text", "05. Number 0...9 to Text\05. Number 0...9 to Text.csproj", "{C3B590BF-3953-4E2C-BF68-28BE0F4EA00C}"
EndProject
Project("{FAE04EC0-301F-11D3-BF4B-00C04F79EFBC}") = "06. Bonus Score", "06. Bonus Score\06. Bonus Score.csproj", "{C770B4D7-2703-4E60-AC05-C596056726A0}"
EndProject
Project("{FAE04EC0-301F-11D3-BF4B-00C04F79EFBC}") = "07. Sum Seconds", "07. Sum Seconds\07. Sum Seconds.csproj", "{1142F568-73D1-47E5-ACD2-F6F9049E9B8F}"
EndProject
Project("{FAE04EC0-301F-11D3-BF4B-00C04F79EFBC}") = "09. Password Guess", "09. Password Guess\09. Password Guess.csproj", "{578376CC-F6AA-49CA-99A8-64E8429828C4}"
EndProject
Project("{FAE04EC0-301F-11D3-BF4B-00C04F79EFBC}") = "10. Number 100...200", "10. Number 100...200\10. Number 100...200.csproj", "{575F5CE3-FD2A-4855-B996-A044301E12DD}"
EndProject
Project("{FAE04EC0-301F-11D3-BF4B-00C04F79EFBC}") = "11. Equal Words", "11. Equal Words\11. Equal Words.csproj", "{9038EDFF-FB2B-4E40-B40C-C9043252B470}"
EndProject
Project("{FAE04EC0-301F-11D3-BF4B-00C04F79EFBC}") = "12. Speed Info", "12. Speed Info\12. Speed Info.csproj", "{8D3EC4E9-CBFE-43D8-8C9D-2EE7876BC6E2}"
EndProject
Global
	GlobalSection(SolutionConfigurationPlatforms) = preSolution
		Debug|Any CPU = Debug|Any CPU
		Release|Any CPU = Release|Any CPU
	EndGlobalSection
	GlobalSection(ProjectConfigurationPlatforms) = postSolution
		{4ED257D9-E7C7-4C02-A0A6-C749C5CC6A57}.Debug|Any CPU.ActiveCfg = Debug|Any CPU
		{4ED257D9-E7C7-4C02-A0A6-C749C5CC6A57}.Debug|Any CPU.Build.0 = Debug|Any CPU
		{4ED257D9-E7C7-4C02-A0A6-C749C5CC6A57}.Release|Any CPU.ActiveCfg = Release|Any CPU
		{4ED257D9-E7C7-4C02-A0A6-C749C5CC6A57}.Release|Any CPU.Build.0 = Release|Any CPU
		{0B0AF15B-43EF-4F72-AAD5-B798AFB55A29}.Debug|Any CPU.ActiveCfg = Debug|Any CPU
		{0B0AF15B-43EF-4F72-AAD5-B798AFB55A29}.Debug|Any CPU.Build.0 = Debug|Any CPU
		{0B0AF15B-43EF-4F72-AAD5-B798AFB55A29}.Release|Any CPU.ActiveCfg = Release|Any CPU
		{0B0AF15B-43EF-4F72-AAD5-B798AFB55A29}.Release|Any CPU.Build.0 = Release|Any CPU
		{7140F917-B9A2-4DFB-90E5-45E76108900F}.Debug|Any CPU.ActiveCfg = Debug|Any CPU
		{7140F917-B9A2-4DFB-90E5-45E76108900F}.Debug|Any CPU.Build.0 = Debug|Any CPU
		{7140F917-B9A2-4DFB-90E5-45E76108900F}.Release|Any CPU.ActiveCfg = Release|Any CPU
		{7140F917-B9A2-4DFB-90E5-45E76108900F}.Release|Any CPU.Build.0 = Release|Any CPU
		{BD198670-64F2-4375-932D-BB9759154D70}.Debug|Any CPU.ActiveCfg = Debug|Any CPU
		{BD198670-64F2-4375-932D-BB9759154D70}.Debug|Any CPU.Build.0 = Debug|Any CPU
		{BD198670-64F2-4375-932D-BB9759154D70}.Release|Any CPU.ActiveCfg = Release|Any CPU
		{BD198670-64F2-4375-932D-BB9759154D70}.Release|Any CPU.Build.0 = Release|Any CPU
		{C3B590BF-3953-4E2C-BF68-28BE0F4EA00C}.Debug|Any CPU.ActiveCfg = Debug|Any CPU
		{C3B590BF-3953-4E2C-BF68-28BE0F4EA00C}.Debug|Any CPU.Build.0 = Debug|Any CPU
		{C3B590BF-3953-4E2C-BF68-28BE0F4EA00C}.Release|Any CPU.ActiveCfg = Release|Any CPU
		{C3B590BF-3953-4E2C-BF68-28BE0F4EA00C}.Release|Any CPU.Build.0 = Release|Any CPU
		{C770B4D7-2703-4E60-AC05-C596056726A0}.Debug|Any CPU.ActiveCfg = Debug|Any CPU
		{C770B4D7-2703-4E60-AC05-C596056726A0}.Debug|Any CPU.Build.0 = Debug|Any CPU
		{C770B4D7-2703-4E60-AC05-C596056726A0}.Release|Any CPU.ActiveCfg = Release|Any CPU
		{C770B4D7-2703-4E60-AC05-C596056726A0}.Release|Any CPU.Build.0 = Release|Any CPU
		{1142F568-73D1-47E5-ACD2-F6F9049E9B8F}.Debug|Any CPU.ActiveCfg = Debug|Any CPU
		{1142F568-73D1-47E5-ACD2-F6F9049E9B8F}.Debug|Any CPU.Build.0 = Debug|Any CPU
		{1142F568-73D1-47E5-ACD2-F6F9049E9B8F}.Release|Any CPU.ActiveCfg = Release|Any CPU
		{1142F568-73D1-47E5-ACD2-F6F9049E9B8F}.Release|Any CPU.Build.0 = Release|Any CPU
		{578376CC-F6AA-49CA-99A8-64E8429828C4}.Debug|Any CPU.ActiveCfg = Debug|Any CPU
		{578376CC-F6AA-49CA-99A8-64E8429828C4}.Debug|Any CPU.Build.0 = Debug|Any CPU
		{578376CC-F6AA-49CA-99A8-64E8429828C4}.Release|Any CPU.ActiveCfg = Release|Any CPU
		{578376CC-F6AA-49CA-99A8-64E8429828C4}.Release|Any CPU.Build.0 = Release|Any CPU
		{575F5CE3-FD2A-4855-B996-A044301E12DD}.Debug|Any CPU.ActiveCfg = Debug|Any CPU
		{575F5CE3-FD2A-4855-B996-A044301E12DD}.Debug|Any CPU.Build.0 = Debug|Any CPU
		{575F5CE3-FD2A-4855-B996-A044301E12DD}.Release|Any CPU.ActiveCfg = Release|Any CPU
		{575F5CE3-FD2A-4855-B996-A044301E12DD}.Release|Any CPU.Build.0 = Release|Any CPU
		{9038EDFF-FB2B-4E40-B40C-C9043252B470}.Debug|Any CPU.ActiveCfg = Debug|Any CPU
		{9038EDFF-FB2B-4E40-B40C-C9043252B470}.Debug|Any CPU.Build.0 = Debug|Any CPU
		{9038EDFF-FB2B-4E40-B40C-C9043252B470}.Release|Any CPU.ActiveCfg = Release|Any CPU
		{9038EDFF-FB2B-4E40-B40C-C9043252B470}.Release|Any CPU.Build.0 = Release|Any CPU
		{8D3EC4E9-CBFE-43D8-8C9D-2EE7876BC6E2}.Debug|Any CPU.ActiveCfg = Debug|Any CPU
		{8D3EC4E9-CBFE-43D8-8C9D-2EE7876BC6E2}.Debug|Any CPU.Build.0 = Debug|Any CPU
		{8D3EC4E9-CBFE-43D8-8C9D-2EE7876BC6E2}.Release|Any CPU.ActiveCfg = Release|Any CPU
		{8D3EC4E9-CBFE-43D8-8C9D-2EE7876BC6E2}.Release|Any CPU.Build.0 = Release|Any CPU
	EndGlobalSection
	GlobalSection(SolutionProperties) = preSolution
		HideSolutionNode = FALSE
	EndGlobalSection
EndGlobal
